
Microsoft Visual Studio Solution File, Format Version 12.00
# Visual Studio Version 17
VisualStudioVersion = 17.11.35312.102
MinimumVisualStudioVersion = 10.0.40219.1
Project("{FAE04EC0-301F-11D3-BF4B-00C04F79EFBC}") = "WebApp", "WebApp\WebApp.csproj", "{05781D20-8984-4239-9168-CE64D455E17D}"
EndProject
Global
	GlobalSection(SolutionConfigurationPlatforms) = preSolution
		Debug|Any CPU = Debug|Any CPU
		Release|Any CPU = Release|Any CPU
	EndGlobalSection
	GlobalSection(ProjectConfigurationPlatforms) = postSolution
		{05781D20-8984-4239-9168-CE64D455E17D}.Debug|Any CPU.ActiveCfg = Debug|Any CPU
		{05781D20-8984-4239-9168-CE64D455E17D}.Debug|Any CPU.Build.0 = Debug|Any CPU
		{05781D20-8984-4239-9168-CE64D455E17D}.Release|Any CPU.ActiveCfg = Release|Any CPU
		{05781D20-8984-4239-9168-CE64D455E17D}.Release|Any CPU.Build.0 = Release|Any CPU
	EndGlobalSection
	GlobalSection(SolutionProperties) = preSolution
		HideSolutionNode = FALSE
	EndGlobalSection
	GlobalSection(ExtensibilityGlobals) = postSolution
		SolutionGuid = {ECE85F0E-3203-4C31-9B2E-16BF49081BB0}
	EndGlobalSection
EndGlobal
